
Microsoft Visual Studio Solution File, Format Version 12.00
# Visual Studio Version 17
VisualStudioVersion = 17.11.35327.3
MinimumVisualStudioVersion = 10.0.40219.1
Project("{FAE04EC0-301F-11D3-BF4B-00C04F79EFBC}") = "Visas", "Visas.csproj", "{36D46488-848B-4209-94C8-F6130FE6DBE8}"
EndProject
Project("{FAE04EC0-301F-11D3-BF4B-00C04F79EFBC}") = "DAL", "..\DAL\DAL.csproj", "{95E42598-B572-4645-AE78-22E96C61BEC3}"
EndProject
Project("{FAE04EC0-301F-11D3-BF4B-00C04F79EFBC}") = "Services", "..\Services\Services.csproj", "{A3D425E1-696A-4056-92C9-45ECEB4A1361}"
EndProject
Project("{FAE04EC0-301F-11D3-BF4B-00C04F79EFBC}") = "Core", "..\Core\Core.csproj", "{B2801806-D20B-4E41-A3DB-B049CD08CB27}"
EndProject
Project("{2150E333-8FDC-42A3-9474-1A3956D46DE8}") = "MainApp", "MainApp", "{36D591C7-65C7-A0D1-1CBC-10CDE441BDC8}"
EndProject
Project("{2150E333-8FDC-42A3-9474-1A3956D46DE8}") = "Shared", "Shared", "{E44914F0-E6BE-47DD-B580-51E4AF24CA36}"
EndProject
Global
	GlobalSection(SolutionConfigurationPlatforms) = preSolution
		Debug|Any CPU = Debug|Any CPU
		Release|Any CPU = Release|Any CPU
	EndGlobalSection
	GlobalSection(ProjectConfigurationPlatforms) = postSolution
		{36D46488-848B-4209-94C8-F6130FE6DBE8}.Debug|Any CPU.ActiveCfg = Debug|Any CPU
		{36D46488-848B-4209-94C8-F6130FE6DBE8}.Debug|Any CPU.Build.0 = Debug|Any CPU
		{36D46488-848B-4209-94C8-F6130FE6DBE8}.Release|Any CPU.ActiveCfg = Release|Any CPU
		{36D46488-848B-4209-94C8-F6130FE6DBE8}.Release|Any CPU.Build.0 = Release|Any CPU
		{95E42598-B572-4645-AE78-22E96C61BEC3}.Debug|Any CPU.ActiveCfg = Debug|Any CPU
		{95E42598-B572-4645-AE78-22E96C61BEC3}.Debug|Any CPU.Build.0 = Debug|Any CPU
		{95E42598-B572-4645-AE78-22E96C61BEC3}.Release|Any CPU.ActiveCfg = Release|Any CPU
		{95E42598-B572-4645-AE78-22E96C61BEC3}.Release|Any CPU.Build.0 = Release|Any CPU
		{A3D425E1-696A-4056-92C9-45ECEB4A1361}.Debug|Any CPU.ActiveCfg = Debug|Any CPU
		{A3D425E1-696A-4056-92C9-45ECEB4A1361}.Debug|Any CPU.Build.0 = Debug|Any CPU
		{A3D425E1-696A-4056-92C9-45ECEB4A1361}.Release|Any CPU.ActiveCfg = Release|Any CPU
		{A3D425E1-696A-4056-92C9-45ECEB4A1361}.Release|Any CPU.Build.0 = Release|Any CPU
		{B2801806-D20B-4E41-A3DB-B049CD08CB27}.Debug|Any CPU.ActiveCfg = Debug|Any CPU
		{B2801806-D20B-4E41-A3DB-B049CD08CB27}.Debug|Any CPU.Build.0 = Debug|Any CPU
		{B2801806-D20B-4E41-A3DB-B049CD08CB27}.Release|Any CPU.ActiveCfg = Release|Any CPU
		{B2801806-D20B-4E41-A3DB-B049CD08CB27}.Release|Any CPU.Build.0 = Release|Any CPU
	EndGlobalSection
	GlobalSection(SolutionProperties) = preSolution
		HideSolutionNode = FALSE
	EndGlobalSection
	GlobalSection(NestedProjects) = preSolution
		{36D46488-848B-4209-94C8-F6130FE6DBE8} = {36D591C7-65C7-A0D1-1CBC-10CDE441BDC8}
		{95E42598-B572-4645-AE78-22E96C61BEC3} = {36D591C7-65C7-A0D1-1CBC-10CDE441BDC8}
		{A3D425E1-696A-4056-92C9-45ECEB4A1361} = {36D591C7-65C7-A0D1-1CBC-10CDE441BDC8}
		{B2801806-D20B-4E41-A3DB-B049CD08CB27} = {36D591C7-65C7-A0D1-1CBC-10CDE441BDC8}
	EndGlobalSection
	GlobalSection(ExtensibilityGlobals) = postSolution
		SolutionGuid = {EB99E297-DD3C-404A-BCB3-1A1ECA5223C3}
	EndGlobalSection
EndGlobal
